
Microsoft Visual Studio Solution File, Format Version 12.00
# Visual Studio Version 16
VisualStudioVersion = 16.0.31129.286
MinimumVisualStudioVersion = 10.0.40219.1
Project("{FAE04EC0-301F-11D3-BF4B-00C04F79EFBC}") = "Online ShoppingDL", "INTEGQ1\Online ShoppingDL.csproj", "{05AF987D-7CB9-48B4-BC5A-537F77A3CB5B}"
EndProject
Project("{FAE04EC0-301F-11D3-BF4B-00C04F79EFBC}") = "OnlineShoppingBL", "OnlineShoppingBL\OnlineShoppingBL.csproj", "{315980B1-E3D0-434F-B181-9F5A2BD399DB}"
EndProject
Project("{FAE04EC0-301F-11D3-BF4B-00C04F79EFBC}") = "OnlineShoppingUI", "OnlineShoppingUI\OnlineShoppingUI.csproj", "{6DCAC065-50FE-483A-82FB-2BC595E0FBA6}"
EndProject
Global
	GlobalSection(SolutionConfigurationPlatforms) = preSolution
		Debug|Any CPU = Debug|Any CPU
		Release|Any CPU = Release|Any CPU
	EndGlobalSection
	GlobalSection(ProjectConfigurationPlatforms) = postSolution
		{05AF987D-7CB9-48B4-BC5A-537F77A3CB5B}.Debug|Any CPU.ActiveCfg = Debug|Any CPU
		{05AF987D-7CB9-48B4-BC5A-537F77A3CB5B}.Debug|Any CPU.Build.0 = Debug|Any CPU
		{05AF987D-7CB9-48B4-BC5A-537F77A3CB5B}.Release|Any CPU.ActiveCfg = Release|Any CPU
		{05AF987D-7CB9-48B4-BC5A-537F77A3CB5B}.Release|Any CPU.Build.0 = Release|Any CPU
		{315980B1-E3D0-434F-B181-9F5A2BD399DB}.Debug|Any CPU.ActiveCfg = Debug|Any CPU
		{315980B1-E3D0-434F-B181-9F5A2BD399DB}.Debug|Any CPU.Build.0 = Debug|Any CPU
		{315980B1-E3D0-434F-B181-9F5A2BD399DB}.Release|Any CPU.ActiveCfg = Release|Any CPU
		{315980B1-E3D0-434F-B181-9F5A2BD399DB}.Release|Any CPU.Build.0 = Release|Any CPU
		{6DCAC065-50FE-483A-82FB-2BC595E0FBA6}.Debug|Any CPU.ActiveCfg = Debug|Any CPU
		{6DCAC065-50FE-483A-82FB-2BC595E0FBA6}.Debug|Any CPU.Build.0 = Debug|Any CPU
		{6DCAC065-50FE-483A-82FB-2BC595E0FBA6}.Release|Any CPU.ActiveCfg = Release|Any CPU
		{6DCAC065-50FE-483A-82FB-2BC595E0FBA6}.Release|Any CPU.Build.0 = Release|Any CPU
	EndGlobalSection
	GlobalSection(SolutionProperties) = preSolution
		HideSolutionNode = FALSE
	EndGlobalSection
	GlobalSection(ExtensibilityGlobals) = postSolution
		SolutionGuid = {22C1C169-8AD8-4715-86D4-850C9463CC7B}
	EndGlobalSection
EndGlobal
